
Microsoft Visual Studio Solution File, Format Version 12.00
# Visual Studio 15
Project("{FAE04EC0-301F-11D3-BF4B-00C04F79EFBC}") = "UnityEngine.UI", "UnityEngine.UI.csproj", "{B28981B0-A65F-A7FE-72A2-A4FD30DFEFC1}"
EndProject
Project("{FAE04EC0-301F-11D3-BF4B-00C04F79EFBC}") = "Unity.2D.Tilemap.Editor", "Unity.2D.Tilemap.Editor.csproj", "{CF20B701-B986-A579-6546-8F381797E417}"
EndProject
Project("{FAE04EC0-301F-11D3-BF4B-00C04F79EFBC}") = "Unity.2D.Sprite.Editor", "Unity.2D.Sprite.Editor.csproj", "{A6B0011E-C60B-2046-ADF6-B5876344A1DC}"
EndProject
Project("{FAE04EC0-301F-11D3-BF4B-00C04F79EFBC}") = "UnityEditor.UI", "UnityEditor.UI.csproj", "{E3A0D9A5-C39A-A960-8869-ADA826AD48EB}"
EndProject
Global
	GlobalSection(SolutionConfigurationPlatforms) = preSolution
		Debug|Any CPU = Debug|Any CPU
		Release|Any CPU = Release|Any CPU
	EndGlobalSection
	GlobalSection(ProjectConfigurationPlatforms) = postSolution
		{B28981B0-A65F-A7FE-72A2-A4FD30DFEFC1}.Debug|Any CPU.ActiveCfg = Debug|Any CPU
		{B28981B0-A65F-A7FE-72A2-A4FD30DFEFC1}.Debug|Any CPU.Build.0 = Debug|Any CPU
		{B28981B0-A65F-A7FE-72A2-A4FD30DFEFC1}.Release|Any CPU.ActiveCfg = Release|Any CPU
		{B28981B0-A65F-A7FE-72A2-A4FD30DFEFC1}.Release|Any CPU.Build.0 = Release|Any CPU
		{CF20B701-B986-A579-6546-8F381797E417}.Debug|Any CPU.ActiveCfg = Debug|Any CPU
		{CF20B701-B986-A579-6546-8F381797E417}.Debug|Any CPU.Build.0 = Debug|Any CPU
		{CF20B701-B986-A579-6546-8F381797E417}.Release|Any CPU.ActiveCfg = Release|Any CPU
		{CF20B701-B986-A579-6546-8F381797E417}.Release|Any CPU.Build.0 = Release|Any CPU
		{A6B0011E-C60B-2046-ADF6-B5876344A1DC}.Debug|Any CPU.ActiveCfg = Debug|Any CPU
		{A6B0011E-C60B-2046-ADF6-B5876344A1DC}.Debug|Any CPU.Build.0 = Debug|Any CPU
		{A6B0011E-C60B-2046-ADF6-B5876344A1DC}.Release|Any CPU.ActiveCfg = Release|Any CPU
		{A6B0011E-C60B-2046-ADF6-B5876344A1DC}.Release|Any CPU.Build.0 = Release|Any CPU
		{E3A0D9A5-C39A-A960-8869-ADA826AD48EB}.Debug|Any CPU.ActiveCfg = Debug|Any CPU
		{E3A0D9A5-C39A-A960-8869-ADA826AD48EB}.Debug|Any CPU.Build.0 = Debug|Any CPU
		{E3A0D9A5-C39A-A960-8869-ADA826AD48EB}.Release|Any CPU.ActiveCfg = Release|Any CPU
		{E3A0D9A5-C39A-A960-8869-ADA826AD48EB}.Release|Any CPU.Build.0 = Release|Any CPU
	EndGlobalSection
	GlobalSection(SolutionProperties) = preSolution
		HideSolutionNode = FALSE
	EndGlobalSection
EndGlobal
